
Microsoft Visual Studio Solution File, Format Version 12.00
# Visual Studio Version 17
VisualStudioVersion = 17.7.34031.279
MinimumVisualStudioVersion = 10.0.40219.1
Project("{FAE04EC0-301F-11D3-BF4B-00C04F79EFBC}") = "C#2_řešení úkolů ze cvičení z 3.lekce", "C#2_řešení úkolů ze cvičení z 3.lekce.csproj", "{FA2149F2-1DED-4C41-B4BD-A60678091D03}"
EndProject
Global
	GlobalSection(SolutionConfigurationPlatforms) = preSolution
		Debug|Any CPU = Debug|Any CPU
		Release|Any CPU = Release|Any CPU
	EndGlobalSection
	GlobalSection(ProjectConfigurationPlatforms) = postSolution
		{FA2149F2-1DED-4C41-B4BD-A60678091D03}.Debug|Any CPU.ActiveCfg = Debug|Any CPU
		{FA2149F2-1DED-4C41-B4BD-A60678091D03}.Debug|Any CPU.Build.0 = Debug|Any CPU
		{FA2149F2-1DED-4C41-B4BD-A60678091D03}.Release|Any CPU.ActiveCfg = Release|Any CPU
		{FA2149F2-1DED-4C41-B4BD-A60678091D03}.Release|Any CPU.Build.0 = Release|Any CPU
	EndGlobalSection
	GlobalSection(SolutionProperties) = preSolution
		HideSolutionNode = FALSE
	EndGlobalSection
	GlobalSection(ExtensibilityGlobals) = postSolution
		SolutionGuid = {F171203E-2B5E-4BF2-A3D3-B5CECE24EA92}
	EndGlobalSection
EndGlobal
